
Microsoft Visual Studio Solution File, Format Version 12.00
# Visual Studio Version 16
VisualStudioVersion = 16.0.29920.165
MinimumVisualStudioVersion = 10.0.40219.1
Project("{9A19103F-16F7-4668-BE54-9A1E7A4F7556}") = "LightOps.Commerce.Gateways.Storefront", "src\LightOps.Commerce.Gateways.Storefront\LightOps.Commerce.Gateways.Storefront.csproj", "{07EE7814-6A66-415F-953B-7323F220A3DC}"
EndProject
Project("{2150E333-8FDC-42A3-9474-1A3956D46DE8}") = "Samples", "Samples", "{BC528731-D496-4BA3-A2D9-00A7E52DB1D3}"
EndProject
Project("{9A19103F-16F7-4668-BE54-9A1E7A4F7556}") = "Sample.StorefrontGateway", "samples\Sample.StorefrontGateway\Sample.StorefrontGateway.csproj", "{DA34A607-F285-4F81-AA78-7E1816877458}"
EndProject
Project("{9A19103F-16F7-4668-BE54-9A1E7A4F7556}") = "Sample.ContentPageService", "samples\Sample.ContentPageService\Sample.ContentPageService.csproj", "{31A749B7-AFE0-4764-8BB9-87CC96AF9B21}"
EndProject
Project("{E53339B2-1760-4266-BCC7-CA923CBCF16C}") = "Sample.DockerCompose", "samples\Sample.DockerCompose\Sample.DockerCompose.dcproj", "{D79AD422-FDD7-4AEC-BCC6-91373A51B8E2}"
EndProject
Project("{9A19103F-16F7-4668-BE54-9A1E7A4F7556}") = "Sample.NavigationService", "samples\Sample.NavigationService\Sample.NavigationService.csproj", "{C250EF11-D320-4E9B-B32F-7F02A7F9BC83}"
EndProject
Project("{9A19103F-16F7-4668-BE54-9A1E7A4F7556}") = "Sample.MetaFieldService", "samples\Sample.MetaFieldService\Sample.MetaFieldService.csproj", "{9F32257E-6480-4DED-AEBA-D20697252DB5}"
EndProject
Global
	GlobalSection(SolutionConfigurationPlatforms) = preSolution
		Debug|Any CPU = Debug|Any CPU
		Release|Any CPU = Release|Any CPU
	EndGlobalSection
	GlobalSection(ProjectConfigurationPlatforms) = postSolution
		{07EE7814-6A66-415F-953B-7323F220A3DC}.Debug|Any CPU.ActiveCfg = Debug|Any CPU
		{07EE7814-6A66-415F-953B-7323F220A3DC}.Debug|Any CPU.Build.0 = Debug|Any CPU
		{07EE7814-6A66-415F-953B-7323F220A3DC}.Release|Any CPU.ActiveCfg = Release|Any CPU
		{07EE7814-6A66-415F-953B-7323F220A3DC}.Release|Any CPU.Build.0 = Release|Any CPU
		{DA34A607-F285-4F81-AA78-7E1816877458}.Debug|Any CPU.ActiveCfg = Debug|Any CPU
		{DA34A607-F285-4F81-AA78-7E1816877458}.Debug|Any CPU.Build.0 = Debug|Any CPU
		{DA34A607-F285-4F81-AA78-7E1816877458}.Release|Any CPU.ActiveCfg = Release|Any CPU
		{DA34A607-F285-4F81-AA78-7E1816877458}.Release|Any CPU.Build.0 = Release|Any CPU
		{31A749B7-AFE0-4764-8BB9-87CC96AF9B21}.Debug|Any CPU.ActiveCfg = Debug|Any CPU
		{31A749B7-AFE0-4764-8BB9-87CC96AF9B21}.Debug|Any CPU.Build.0 = Debug|Any CPU
		{31A749B7-AFE0-4764-8BB9-87CC96AF9B21}.Release|Any CPU.ActiveCfg = Release|Any CPU
		{31A749B7-AFE0-4764-8BB9-87CC96AF9B21}.Release|Any CPU.Build.0 = Release|Any CPU
		{D79AD422-FDD7-4AEC-BCC6-91373A51B8E2}.Debug|Any CPU.ActiveCfg = Debug|Any CPU
		{D79AD422-FDD7-4AEC-BCC6-91373A51B8E2}.Debug|Any CPU.Build.0 = Debug|Any CPU
		{D79AD422-FDD7-4AEC-BCC6-91373A51B8E2}.Release|Any CPU.ActiveCfg = Release|Any CPU
		{D79AD422-FDD7-4AEC-BCC6-91373A51B8E2}.Release|Any CPU.Build.0 = Release|Any CPU
		{C250EF11-D320-4E9B-B32F-7F02A7F9BC83}.Debug|Any CPU.ActiveCfg = Debug|Any CPU
		{C250EF11-D320-4E9B-B32F-7F02A7F9BC83}.Debug|Any CPU.Build.0 = Debug|Any CPU
		{C250EF11-D320-4E9B-B32F-7F02A7F9BC83}.Release|Any CPU.ActiveCfg = Release|Any CPU
		{C250EF11-D320-4E9B-B32F-7F02A7F9BC83}.Release|Any CPU.Build.0 = Release|Any CPU
		{9F32257E-6480-4DED-AEBA-D20697252DB5}.Debug|Any CPU.ActiveCfg = Debug|Any CPU
		{9F32257E-6480-4DED-AEBA-D20697252DB5}.Debug|Any CPU.Build.0 = Debug|Any CPU
		{9F32257E-6480-4DED-AEBA-D20697252DB5}.Release|Any CPU.ActiveCfg = Release|Any CPU
		{9F32257E-6480-4DED-AEBA-D20697252DB5}.Release|Any CPU.Build.0 = Release|Any CPU
	EndGlobalSection
	GlobalSection(SolutionProperties) = preSolution
		HideSolutionNode = FALSE
	EndGlobalSection
	GlobalSection(NestedProjects) = preSolution
		{DA34A607-F285-4F81-AA78-7E1816877458} = {BC528731-D496-4BA3-A2D9-00A7E52DB1D3}
		{31A749B7-AFE0-4764-8BB9-87CC96AF9B21} = {BC528731-D496-4BA3-A2D9-00A7E52DB1D3}
		{D79AD422-FDD7-4AEC-BCC6-91373A51B8E2} = {BC528731-D496-4BA3-A2D9-00A7E52DB1D3}
		{C250EF11-D320-4E9B-B32F-7F02A7F9BC83} = {BC528731-D496-4BA3-A2D9-00A7E52DB1D3}
		{9F32257E-6480-4DED-AEBA-D20697252DB5} = {BC528731-D496-4BA3-A2D9-00A7E52DB1D3}
	EndGlobalSection
	GlobalSection(ExtensibilityGlobals) = postSolution
		SolutionGuid = {89B65CDA-FA49-4D80-9D06-FED19BDFDA6D}
	EndGlobalSection
EndGlobal
